<?xml version="1.0" encoding="UTF-8" standalone="yes" ?>
<CodeBlocks_project_file>
	<FileVersion major="1" minor="6" />
	<Project>
		<Option title="lms-suite" />
		<Option makefile="makefile" />
		<Option pch_mode="2" />
		<Option compiler="gcc" />
		<Build>
			<Target title="Debug">
				<Option platforms="Windows;" />
				<Option output="bin/lms-suite_d" prefix_auto="1" extension_auto="1" />
				<Option working_dir="bin" />
				<Option object_output="obj/Debug/" />
				<Option type="1" />
				<Option compiler="gcc" />
				<Option projectLinkerOptionsRelation="2" />
				<Compiler>
					<Add option="-g" />
					<Add option="-pipe" />
					<Add option="-mthreads" />
					<Add option="-D__GNUWIN32__" />
					<Add option="-D__WXMSW__" />
					<Add option="-DwxUSE_UNICODE" />
					<Add option="-DGLEW_STATIC" />
				</Compiler>
				<Linker>
					<Add option="-mthreads" />
					<Add library="libwxmsw30u_richtext.a" />
					<Add library="libwxbase30u_xml.a" />
					<Add library="libwxmsw30u_html.a" />
					<Add library="libwxmsw30u_xrc.a" />
					<Add library="libwxmsw30u_adv.a" />
					<Add library="libwxmsw30u_aui.a" />
					<Add library="libwxmsw30u_core.a" />
					<Add library="libwxbase30u.a" />
					<Add library="libwxmsw30u_gl.a" />
					<Add library="libwxpng.a" />
					<Add library="libwxzlib.a" />
					<Add library="libwxexpat.a" />
					<Add library="opengl32" />
					<Add library="libkernel32.a" />
					<Add library="libuser32.a" />
					<Add library="libgdi32.a" />
					<Add library="libwinspool.a" />
					<Add library="libcomdlg32.a" />
					<Add library="libadvapi32.a" />
					<Add library="libshell32.a" />
					<Add library="libole32.a" />
					<Add library="liboleaut32.a" />
					<Add library="libuuid.a" />
					<Add library="libcomctl32.a" />
					<Add library="libwsock32.a" />
					<Add library="libodbc32.a" />
					<Add library="SetupApi" />
					<Add library="libfftw3f.a" />
				</Linker>
			</Target>
			<Target title="Release">
				<Option platforms="Windows;" />
				<Option output="bin/lms-suite" prefix_auto="1" extension_auto="1" />
				<Option working_dir="bin" />
				<Option object_output="obj/Release/" />
				<Option type="0" />
				<Option compiler="gcc" />
				<Option projectLinkerOptionsRelation="2" />
				<Compiler>
					<Add option="-O1" />
					<Add option="-D__GNUWIN32__" />
					<Add option="-D__WXMSW__" />
					<Add option="-DwxUSE_UNICODE" />
					<Add option="-DGLEW_STATIC" />
				</Compiler>
				<Linker>
					<Add option="-s" />
					<Add option="-mthreads" />
					<Add library="libwxmsw30u_richtext.a" />
					<Add library="libwxbase30u_xml.a" />
					<Add library="libwxmsw30u_html.a" />
					<Add library="libwxmsw30u_xrc.a" />
					<Add library="libwxmsw30u_adv.a" />
					<Add library="libwxmsw30u_aui.a" />
					<Add library="libwxmsw30u_core.a" />
					<Add library="libwxbase30u.a" />
					<Add library="libwxmsw30u_gl.a" />
					<Add library="libwxpng.a" />
					<Add library="libwxzlib.a" />
					<Add library="libwxexpat.a" />
					<Add library="opengl32" />
					<Add library="libkernel32.a" />
					<Add library="libuser32.a" />
					<Add library="libgdi32.a" />
					<Add library="libwinspool.a" />
					<Add library="libcomdlg32.a" />
					<Add library="libadvapi32.a" />
					<Add library="libshell32.a" />
					<Add library="libole32.a" />
					<Add library="liboleaut32.a" />
					<Add library="libuuid.a" />
					<Add library="libcomctl32.a" />
					<Add library="libwsock32.a" />
					<Add library="libodbc32.a" />
					<Add library="SetupApi" />
					<Add library="libfftw3f.a" />
				</Linker>
			</Target>
			<Target title="DebugLinux">
				<Option platforms="Unix;" />
				<Option output="bin/lms-suite_d" prefix_auto="1" extension_auto="1" />
				<Option working_dir="bin" />
				<Option object_output="obj/Debug/" />
				<Option type="1" />
				<Option compiler="gcc" />
				<Option projectLinkerOptionsRelation="2" />
				<Compiler>
					<Add option="-g" />
					<Add option="`wx-config --cflags`" />
					<Add option="-DGLEW_STATIC" />
				</Compiler>
				<Linker>
					<Add option="`wx-config --libs`" />
					<Add option="`wx-config --libs gl richtext aui`" />
					<Add option="-lfftw3f" />
					<Add option="-lusb-1.0" />
					<Add option="-lGL" />
				</Linker>
			</Target>
			<Target title="ReleaseLinux">
				<Option platforms="Unix;" />
				<Option output="bin/lms-suite" prefix_auto="1" extension_auto="1" />
				<Option working_dir="bin" />
				<Option object_output="obj/Release/" />
				<Option type="0" />
				<Option compiler="gcc" />
				<Option projectLinkerOptionsRelation="2" />
				<Compiler>
					<Add option="-O1" />
					<Add option="`wx-config --cflags`" />
					<Add option="-DGLEW_STATIC" />
				</Compiler>
				<Linker>
					<Add option="-s" />
					<Add option="`wx-config --libs`" />
					<Add option="`wx-config --libs gl richtext aui`" />
					<Add option="-lfftw3f" />
					<Add option="-lusb-1.0" />
					<Add option="-lGL" />
				</Linker>
			</Target>
			<Target title="staticlib">
				<Option output="lib/lmssuite" prefix_auto="1" extension_auto="1" />
				<Option working_dir="" />
				<Option object_output="obj/lib" />
				<Option type="2" />
				<Option compiler="gcc" />
				<Option createDefFile="1" />
				<Compiler>
					<Add option="-g" />
				</Compiler>
			</Target>
		</Build>
		<Compiler>
			<Add option="-Wall" />
			<Add directory="D:/Libraries/wxWidgets-3.0.0/lib/gcc_lib/mswu" />
			<Add directory="D:/Libraries/fftw-3.3.3/api" />
			<Add directory="D:/Libraries/wxWidgets-3.0.0/include" />
			<Add directory="include" />
			<Add directory="gui_src" />
			<Add directory="gui_src/fft" />
			<Add directory="gui_src/fft/oglGraph/glew" />
			<Add directory="gui_src/lms6" />
			<Add directory="include/lms6" />
			<Add directory="include/CyAPI" />
		</Compiler>
		<ResourceCompiler>
			<Add directory="D:/Libraries/wxWidgets-3.0.0/lib/gcc_lib/mswu" />
			<Add directory="D:/Libraries/wxWidgets-3.0.0/include" />
		</ResourceCompiler>
		<Linker>
			<Add directory="D:/Libraries/wxWidgets-3.0.0/lib/gcc_lib" />
			<Add directory="D:/Libraries/fftw-3.3.3/.libs" />
		</Linker>
		<Unit filename="gui_src/PluginPanel.h">
			<Option target="Debug" />
			<Option target="Release" />
			<Option target="DebugLinux" />
			<Option target="ReleaseLinux" />
		</Unit>
		<Unit filename="gui_src/dlgAbout.cpp">
			<Option target="Debug" />
			<Option target="Release" />
			<Option target="DebugLinux" />
			<Option target="ReleaseLinux" />
		</Unit>
		<Unit filename="gui_src/dlgAbout.h">
			<Option target="Debug" />
			<Option target="Release" />
			<Option target="DebugLinux" />
			<Option target="ReleaseLinux" />
		</Unit>
		<Unit filename="gui_src/dlgConnectionSettings.cpp">
			<Option target="Debug" />
			<Option target="Release" />
			<Option target="DebugLinux" />
			<Option target="ReleaseLinux" />
		</Unit>
		<Unit filename="gui_src/dlgConnectionSettings.h">
			<Option target="Debug" />
			<Option target="Release" />
			<Option target="DebugLinux" />
			<Option target="ReleaseLinux" />
		</Unit>
		<Unit filename="gui_src/fft/BlockingFIFO.h">
			<Option target="Debug" />
			<Option target="Release" />
			<Option target="DebugLinux" />
			<Option target="ReleaseLinux" />
		</Unit>
		<Unit filename="gui_src/fft/FFTcalculator.cpp">
			<Option target="Debug" />
			<Option target="Release" />
			<Option target="DebugLinux" />
			<Option target="ReleaseLinux" />
		</Unit>
		<Unit filename="gui_src/fft/FFTcalculator.h">
			<Option target="Debug" />
			<Option target="Release" />
			<Option target="DebugLinux" />
			<Option target="ReleaseLinux" />
		</Unit>
		<Unit filename="gui_src/fft/FIFO.h">
			<Option target="Debug" />
			<Option target="Release" />
			<Option target="DebugLinux" />
			<Option target="ReleaseLinux" />
		</Unit>
		<Unit filename="gui_src/fft/NovenaFPGA.cpp">
			<Option target="Debug" />
			<Option target="Release" />
			<Option target="DebugLinux" />
			<Option target="ReleaseLinux" />
		</Unit>
		<Unit filename="gui_src/fft/NovenaFPGA.h">
			<Option target="Debug" />
			<Option target="Release" />
			<Option target="DebugLinux" />
			<Option target="ReleaseLinux" />
		</Unit>
		<Unit filename="gui_src/fft/Packets.h">
			<Option target="Debug" />
			<Option target="Release" />
			<Option target="DebugLinux" />
			<Option target="ReleaseLinux" />
		</Unit>
		<Unit filename="gui_src/fft/PlotUpdateThread.cpp">
			<Option target="Debug" />
			<Option target="Release" />
			<Option target="DebugLinux" />
			<Option target="ReleaseLinux" />
		</Unit>
		<Unit filename="gui_src/fft/PlotUpdateThread.h">
			<Option target="Debug" />
			<Option target="Release" />
			<Option target="DebugLinux" />
			<Option target="ReleaseLinux" />
		</Unit>
		<Unit filename="gui_src/fft/SamplesCollector.cpp">
			<Option target="Debug" />
			<Option target="Release" />
			<Option target="DebugLinux" />
			<Option target="ReleaseLinux" />
		</Unit>
		<Unit filename="gui_src/fft/SamplesCollector.h">
			<Option target="Debug" />
			<Option target="Release" />
			<Option target="DebugLinux" />
			<Option target="ReleaseLinux" />
		</Unit>
		<Unit filename="gui_src/fft/UnitsButton.cpp">
			<Option target="Debug" />
			<Option target="Release" />
			<Option target="DebugLinux" />
			<Option target="ReleaseLinux" />
		</Unit>
		<Unit filename="gui_src/fft/UnitsButton.h">
			<Option target="Debug" />
			<Option target="Release" />
			<Option target="DebugLinux" />
			<Option target="ReleaseLinux" />
		</Unit>
		<Unit filename="gui_src/fft/dlgExtraControls.cpp">
			<Option target="Debug" />
			<Option target="Release" />
			<Option target="DebugLinux" />
			<Option target="ReleaseLinux" />
		</Unit>
		<Unit filename="gui_src/fft/dlgExtraControls.h">
			<Option target="Debug" />
			<Option target="Release" />
			<Option target="DebugLinux" />
			<Option target="ReleaseLinux" />
		</Unit>
		<Unit filename="gui_src/fft/iniParser.h">
			<Option target="Debug" />
			<Option target="Release" />
			<Option target="DebugLinux" />
			<Option target="ReleaseLinux" />
		</Unit>
		<Unit filename="gui_src/fft/oglGraph/GLFont.cpp">
			<Option target="Debug" />
			<Option target="Release" />
			<Option target="DebugLinux" />
			<Option target="ReleaseLinux" />
		</Unit>
		<Unit filename="gui_src/fft/oglGraph/GLFont.h">
			<Option target="Debug" />
			<Option target="Release" />
			<Option target="DebugLinux" />
			<Option target="ReleaseLinux" />
		</Unit>
		<Unit filename="gui_src/fft/oglGraph/GLGlyph.h">
			<Option target="Debug" />
			<Option target="Release" />
			<Option target="DebugLinux" />
			<Option target="ReleaseLinux" />
		</Unit>
		<Unit filename="gui_src/fft/oglGraph/OpenGLGraph.cpp">
			<Option target="Debug" />
			<Option target="Release" />
			<Option target="DebugLinux" />
			<Option target="ReleaseLinux" />
		</Unit>
		<Unit filename="gui_src/fft/oglGraph/OpenGLGraph.h">
			<Option target="Debug" />
			<Option target="Release" />
			<Option target="DebugLinux" />
			<Option target="ReleaseLinux" />
		</Unit>
		<Unit filename="gui_src/fft/oglGraph/StaticFontHeader.h">
			<Option target="Debug" />
			<Option target="Release" />
			<Option target="DebugLinux" />
			<Option target="ReleaseLinux" />
		</Unit>
		<Unit filename="gui_src/fft/oglGraph/glew/glew.c">
			<Option compilerVar="CC" />
			<Option target="Debug" />
			<Option target="Release" />
			<Option target="DebugLinux" />
			<Option target="ReleaseLinux" />
		</Unit>
		<Unit filename="gui_src/fft/pnlFFTviewer.cpp">
			<Option target="Debug" />
			<Option target="Release" />
			<Option target="DebugLinux" />
			<Option target="ReleaseLinux" />
		</Unit>
		<Unit filename="gui_src/fft/pnlFFTviewer.h">
			<Option target="Debug" />
			<Option target="Release" />
			<Option target="DebugLinux" />
			<Option target="ReleaseLinux" />
		</Unit>
		<Unit filename="gui_src/lms6/ComboBoxMap.cpp">
			<Option target="Debug" />
			<Option target="Release" />
			<Option target="DebugLinux" />
			<Option target="ReleaseLinux" />
		</Unit>
		<Unit filename="gui_src/lms6/ComboBoxMap.h">
			<Option target="Debug" />
			<Option target="Release" />
			<Option target="DebugLinux" />
			<Option target="ReleaseLinux" />
		</Unit>
		<Unit filename="gui_src/lms6/GUIPanel.h">
			<Option target="Debug" />
			<Option target="Release" />
			<Option target="DebugLinux" />
			<Option target="ReleaseLinux" />
		</Unit>
		<Unit filename="gui_src/lms6/LMS6002_GUI_Main.cpp">
			<Option target="Debug" />
			<Option target="Release" />
			<Option target="DebugLinux" />
			<Option target="ReleaseLinux" />
		</Unit>
		<Unit filename="gui_src/lms6/LMS6002_GUI_Main.h">
			<Option target="Debug" />
			<Option target="Release" />
			<Option target="DebugLinux" />
			<Option target="ReleaseLinux" />
		</Unit>
		<Unit filename="gui_src/lms6/RadioGroupMap.cpp">
			<Option target="Debug" />
			<Option target="Release" />
			<Option target="DebugLinux" />
			<Option target="ReleaseLinux" />
		</Unit>
		<Unit filename="gui_src/lms6/RadioGroupMap.h">
			<Option target="Debug" />
			<Option target="Release" />
			<Option target="DebugLinux" />
			<Option target="ReleaseLinux" />
		</Unit>
		<Unit filename="gui_src/lms6/UARFCN.cpp">
			<Option target="Debug" />
			<Option target="Release" />
			<Option target="DebugLinux" />
			<Option target="ReleaseLinux" />
		</Unit>
		<Unit filename="gui_src/lms6/UARFCN.h">
			<Option target="Debug" />
			<Option target="Release" />
			<Option target="DebugLinux" />
			<Option target="ReleaseLinux" />
		</Unit>
		<Unit filename="gui_src/lms6/dlgFloatInput.cpp">
			<Option target="Debug" />
			<Option target="Release" />
			<Option target="DebugLinux" />
			<Option target="ReleaseLinux" />
		</Unit>
		<Unit filename="gui_src/lms6/dlgFloatInput.h">
			<Option target="Debug" />
			<Option target="Release" />
			<Option target="DebugLinux" />
			<Option target="ReleaseLinux" />
		</Unit>
		<Unit filename="gui_src/lms6/dlgFreqVsCap.cpp">
			<Option target="Debug" />
			<Option target="Release" />
			<Option target="DebugLinux" />
			<Option target="ReleaseLinux" />
		</Unit>
		<Unit filename="gui_src/lms6/dlgFreqVsCap.h">
			<Option target="Debug" />
			<Option target="Release" />
			<Option target="DebugLinux" />
			<Option target="ReleaseLinux" />
		</Unit>
		<Unit filename="gui_src/lms6/dlgLogger.cpp">
			<Option target="Debug" />
			<Option target="Release" />
			<Option target="DebugLinux" />
			<Option target="ReleaseLinux" />
		</Unit>
		<Unit filename="gui_src/lms6/dlgLogger.h">
			<Option target="Debug" />
			<Option target="Release" />
			<Option target="DebugLinux" />
			<Option target="ReleaseLinux" />
		</Unit>
		<Unit filename="gui_src/lms6/dlgRegisterTest.cpp">
			<Option target="Debug" />
			<Option target="Release" />
			<Option target="DebugLinux" />
			<Option target="ReleaseLinux" />
		</Unit>
		<Unit filename="gui_src/lms6/dlgRegisterTest.h">
			<Option target="Debug" />
			<Option target="Release" />
			<Option target="DebugLinux" />
			<Option target="ReleaseLinux" />
		</Unit>
		<Unit filename="gui_src/lms6/pnlADDC.cpp">
			<Option target="Debug" />
			<Option target="Release" />
			<Option target="DebugLinux" />
			<Option target="ReleaseLinux" />
		</Unit>
		<Unit filename="gui_src/lms6/pnlADDC.h">
			<Option target="Debug" />
			<Option target="Release" />
			<Option target="DebugLinux" />
			<Option target="ReleaseLinux" />
		</Unit>
		<Unit filename="gui_src/lms6/pnlRxFE.cpp">
			<Option target="Debug" />
			<Option target="Release" />
			<Option target="DebugLinux" />
			<Option target="ReleaseLinux" />
		</Unit>
		<Unit filename="gui_src/lms6/pnlRxFE.h">
			<Option target="Debug" />
			<Option target="Release" />
			<Option target="DebugLinux" />
			<Option target="ReleaseLinux" />
		</Unit>
		<Unit filename="gui_src/lms6/pnlRxVGA2.cpp">
			<Option target="Debug" />
			<Option target="Release" />
			<Option target="DebugLinux" />
			<Option target="ReleaseLinux" />
		</Unit>
		<Unit filename="gui_src/lms6/pnlRxVGA2.h">
			<Option target="Debug" />
			<Option target="Release" />
			<Option target="DebugLinux" />
			<Option target="ReleaseLinux" />
		</Unit>
		<Unit filename="gui_src/lms6/pnlSystem.cpp">
			<Option target="Debug" />
			<Option target="Release" />
			<Option target="DebugLinux" />
			<Option target="ReleaseLinux" />
		</Unit>
		<Unit filename="gui_src/lms6/pnlSystem.h">
			<Option target="Debug" />
			<Option target="Release" />
			<Option target="DebugLinux" />
			<Option target="ReleaseLinux" />
		</Unit>
		<Unit filename="gui_src/lms6/pnlTop.cpp">
			<Option target="Debug" />
			<Option target="Release" />
			<Option target="DebugLinux" />
			<Option target="ReleaseLinux" />
		</Unit>
		<Unit filename="gui_src/lms6/pnlTop.h">
			<Option target="Debug" />
			<Option target="Release" />
			<Option target="DebugLinux" />
			<Option target="ReleaseLinux" />
		</Unit>
		<Unit filename="gui_src/lms6/pnlTxLPF.cpp">
			<Option target="Debug" />
			<Option target="Release" />
			<Option target="DebugLinux" />
			<Option target="ReleaseLinux" />
		</Unit>
		<Unit filename="gui_src/lms6/pnlTxLPF.h">
			<Option target="Debug" />
			<Option target="Release" />
			<Option target="DebugLinux" />
			<Option target="ReleaseLinux" />
		</Unit>
		<Unit filename="gui_src/lms6/pnlTxPLL.cpp">
			<Option target="Debug" />
			<Option target="Release" />
			<Option target="DebugLinux" />
			<Option target="ReleaseLinux" />
		</Unit>
		<Unit filename="gui_src/lms6/pnlTxPLL.h">
			<Option target="Debug" />
			<Option target="Release" />
			<Option target="DebugLinux" />
			<Option target="ReleaseLinux" />
		</Unit>
		<Unit filename="gui_src/lms6/pnlTxRF.cpp">
			<Option target="Debug" />
			<Option target="Release" />
			<Option target="DebugLinux" />
			<Option target="ReleaseLinux" />
		</Unit>
		<Unit filename="gui_src/lms6/pnlTxRF.h">
			<Option target="Debug" />
			<Option target="Release" />
			<Option target="DebugLinux" />
			<Option target="ReleaseLinux" />
		</Unit>
		<Unit filename="gui_src/lms_suiteApp.cpp">
			<Option target="Debug" />
			<Option target="Release" />
			<Option target="DebugLinux" />
			<Option target="ReleaseLinux" />
		</Unit>
		<Unit filename="gui_src/lms_suiteApp.h">
			<Option target="Debug" />
			<Option target="Release" />
			<Option target="DebugLinux" />
			<Option target="ReleaseLinux" />
		</Unit>
		<Unit filename="gui_src/lms_suiteMain.cpp">
			<Option target="Debug" />
			<Option target="Release" />
			<Option target="DebugLinux" />
			<Option target="ReleaseLinux" />
		</Unit>
		<Unit filename="gui_src/lms_suiteMain.h">
			<Option target="Debug" />
			<Option target="Release" />
			<Option target="DebugLinux" />
			<Option target="ReleaseLinux" />
		</Unit>
		<Unit filename="gui_src/pnlADF4002.cpp">
			<Option target="Debug" />
			<Option target="Release" />
			<Option target="DebugLinux" />
			<Option target="ReleaseLinux" />
		</Unit>
		<Unit filename="gui_src/pnlADF4002.h">
			<Option target="Debug" />
			<Option target="Release" />
			<Option target="DebugLinux" />
			<Option target="ReleaseLinux" />
		</Unit>
		<Unit filename="gui_src/pnlHPM1000.cpp">
			<Option target="Debug" />
			<Option target="Release" />
			<Option target="DebugLinux" />
			<Option target="ReleaseLinux" />
		</Unit>
		<Unit filename="gui_src/pnlHPM1000.h">
			<Option target="Debug" />
			<Option target="Release" />
			<Option target="DebugLinux" />
			<Option target="ReleaseLinux" />
		</Unit>
		<Unit filename="gui_src/pnlMinimalControls.cpp">
			<Option target="Debug" />
			<Option target="Release" />
			<Option target="DebugLinux" />
			<Option target="ReleaseLinux" />
		</Unit>
		<Unit filename="gui_src/pnlMinimalControls.h">
			<Option target="Debug" />
			<Option target="Release" />
			<Option target="DebugLinux" />
			<Option target="ReleaseLinux" />
		</Unit>
		<Unit filename="gui_src/pnlMyriadRF2.cpp">
			<Option target="Debug" />
			<Option target="Release" />
			<Option target="DebugLinux" />
			<Option target="ReleaseLinux" />
		</Unit>
		<Unit filename="gui_src/pnlMyriadRF2.h">
			<Option target="Debug" />
			<Option target="Release" />
			<Option target="DebugLinux" />
			<Option target="ReleaseLinux" />
		</Unit>
		<Unit filename="gui_src/pnlNovena.cpp">
			<Option target="Debug" />
			<Option target="Release" />
			<Option target="DebugLinux" />
			<Option target="ReleaseLinux" />
		</Unit>
		<Unit filename="gui_src/pnlNovena.h">
			<Option target="Debug" />
			<Option target="Release" />
			<Option target="DebugLinux" />
			<Option target="ReleaseLinux" />
		</Unit>
		<Unit filename="gui_src/pnlProgramming.cpp">
			<Option target="Debug" />
			<Option target="Release" />
			<Option target="DebugLinux" />
			<Option target="ReleaseLinux" />
		</Unit>
		<Unit filename="gui_src/pnlProgramming.h">
			<Option target="Debug" />
			<Option target="Release" />
			<Option target="DebugLinux" />
			<Option target="ReleaseLinux" />
		</Unit>
		<Unit filename="gui_src/pnlSPI.cpp">
			<Option target="Debug" />
			<Option target="Release" />
			<Option target="DebugLinux" />
			<Option target="ReleaseLinux" />
		</Unit>
		<Unit filename="gui_src/pnlSPI.h">
			<Option target="Debug" />
			<Option target="Release" />
			<Option target="DebugLinux" />
			<Option target="ReleaseLinux" />
		</Unit>
		<Unit filename="gui_src/pnlSi5351C.cpp">
			<Option target="Debug" />
			<Option target="Release" />
			<Option target="DebugLinux" />
			<Option target="ReleaseLinux" />
		</Unit>
		<Unit filename="gui_src/pnlSi5351C.h">
			<Option target="Debug" />
			<Option target="Release" />
			<Option target="DebugLinux" />
			<Option target="ReleaseLinux" />
		</Unit>
		<Unit filename="gui_src/pnlSi5356A.cpp">
			<Option target="Debug" />
			<Option target="Release" />
			<Option target="DebugLinux" />
			<Option target="ReleaseLinux" />
		</Unit>
		<Unit filename="gui_src/pnlSi5356A.h">
			<Option target="Debug" />
			<Option target="Release" />
			<Option target="DebugLinux" />
			<Option target="ReleaseLinux" />
		</Unit>
		<Unit filename="gui_src/pnlWFMLoader.cpp">
			<Option target="Debug" />
			<Option target="Release" />
			<Option target="DebugLinux" />
			<Option target="ReleaseLinux" />
		</Unit>
		<Unit filename="gui_src/pnlWFMLoader.h">
			<Option target="Debug" />
			<Option target="Release" />
			<Option target="DebugLinux" />
			<Option target="ReleaseLinux" />
		</Unit>
		<Unit filename="include/CommonUtilities.h" />
		<Unit filename="include/ConnectionCOM.h" />
		<Unit filename="include/ConnectionManager.h" />
		<Unit filename="include/ConnectionSPI.h" />
		<Unit filename="include/ConnectionUSB.h" />
		<Unit filename="include/CyAPI/CyAPI.cpp" />
		<Unit filename="include/IConnection.h" />
		<Unit filename="include/LMS_Commands.h" />
		<Unit filename="include/MessageLog.h" />
		<Unit filename="include/Programmer.h" />
		<Unit filename="include/Protocols.h" />
		<Unit filename="include/Si5351C.h" />
		<Unit filename="include/Si5356A.h" />
		<Unit filename="include/SignalHandler.h" />
		<Unit filename="include/lmSemaphore.h" />
		<Unit filename="include/lmThread.h" />
		<Unit filename="include/lms6/ADF_module.h" />
		<Unit filename="include/lms6/Algorithms.h" />
		<Unit filename="include/lms6/CompoundOperations.h" />
		<Unit filename="include/lms6/LMS6002_MainControl.h" />
		<Unit filename="include/lms6/LMS_Parameter.h" />
		<Unit filename="include/lms6/PLL.h" />
		<Unit filename="include/lms6/ParameterDescription.h" />
		<Unit filename="include/lms6/RegistersMap.h" />
		<Unit filename="include/lms6/iniParser.h" />
		<Unit filename="include/version.h" />
		<Unit filename="resources/resource.rc">
			<Option compilerVar="WINDRES" />
			<Option target="Debug" />
			<Option target="Release" />
			<Option target="DebugLinux" />
			<Option target="ReleaseLinux" />
		</Unit>
		<Unit filename="src/CommonUtilities.cpp" />
		<Unit filename="src/ConnectionCOM.cpp" />
		<Unit filename="src/ConnectionManager.cpp" />
		<Unit filename="src/ConnectionSPI.cpp" />
		<Unit filename="src/ConnectionUSB.cpp" />
		<Unit filename="src/MessageLog.cpp" />
		<Unit filename="src/Programmer.cpp" />
		<Unit filename="src/Protocols.cpp" />
		<Unit filename="src/Si5351C.cpp" />
		<Unit filename="src/Si5356A.cpp" />
		<Unit filename="src/SignalHandler.cpp" />
		<Unit filename="src/lmSemaphore.cpp" />
		<Unit filename="src/lmThread.cpp" />
		<Unit filename="src/lms6/ADF_module.cpp" />
		<Unit filename="src/lms6/Algorithms.cpp" />
		<Unit filename="src/lms6/CompoundOperations.cpp" />
		<Unit filename="src/lms6/LMS6002_MainControl.cpp" />
		<Unit filename="src/lms6/LMS_Parameter.cpp" />
		<Unit filename="src/lms6/PLL.cpp" />
		<Unit filename="src/lms6/RegistersMap.cpp" />
		<Unit filename="wxsmith/dlgAbout.wxs">
			<Option target="Debug" />
			<Option target="Release" />
			<Option target="DebugLinux" />
			<Option target="ReleaseLinux" />
		</Unit>
		<Unit filename="wxsmith/dlgConnectionSettings.wxs">
			<Option target="Debug" />
			<Option target="Release" />
			<Option target="DebugLinux" />
			<Option target="ReleaseLinux" />
		</Unit>
		<Unit filename="wxsmith/fft/dlgExtraControls.wxs">
			<Option target="Debug" />
			<Option target="Release" />
			<Option target="DebugLinux" />
			<Option target="ReleaseLinux" />
		</Unit>
		<Unit filename="wxsmith/fft/pnlFFTviewer.wxs">
			<Option target="Debug" />
			<Option target="Release" />
			<Option target="DebugLinux" />
			<Option target="ReleaseLinux" />
		</Unit>
		<Unit filename="wxsmith/lms6/LMS6002_GUI_Main.wxs">
			<Option target="Debug" />
			<Option target="Release" />
			<Option target="DebugLinux" />
			<Option target="ReleaseLinux" />
		</Unit>
		<Unit filename="wxsmith/lms6/dlgFloatInput.wxs">
			<Option target="Debug" />
			<Option target="Release" />
			<Option target="DebugLinux" />
			<Option target="ReleaseLinux" />
		</Unit>
		<Unit filename="wxsmith/lms6/dlgFreqVsCap.wxs">
			<Option target="Debug" />
			<Option target="Release" />
			<Option target="DebugLinux" />
			<Option target="ReleaseLinux" />
		</Unit>
		<Unit filename="wxsmith/lms6/dlgLogger.wxs">
			<Option target="Debug" />
			<Option target="Release" />
			<Option target="DebugLinux" />
			<Option target="ReleaseLinux" />
		</Unit>
		<Unit filename="wxsmith/lms6/dlgRegisterTest.wxs">
			<Option target="Debug" />
			<Option target="Release" />
			<Option target="DebugLinux" />
			<Option target="ReleaseLinux" />
		</Unit>
		<Unit filename="wxsmith/lms6/pnlADDC.wxs">
			<Option target="Debug" />
			<Option target="Release" />
			<Option target="DebugLinux" />
			<Option target="ReleaseLinux" />
		</Unit>
		<Unit filename="wxsmith/lms6/pnlRxFE.wxs">
			<Option target="Debug" />
			<Option target="Release" />
			<Option target="DebugLinux" />
			<Option target="ReleaseLinux" />
		</Unit>
		<Unit filename="wxsmith/lms6/pnlRxVGA2.wxs">
			<Option target="Debug" />
			<Option target="Release" />
			<Option target="DebugLinux" />
			<Option target="ReleaseLinux" />
		</Unit>
		<Unit filename="wxsmith/lms6/pnlTop.wxs">
			<Option target="Debug" />
			<Option target="Release" />
			<Option target="DebugLinux" />
			<Option target="ReleaseLinux" />
		</Unit>
		<Unit filename="wxsmith/lms6/pnlTxLPF.wxs">
			<Option target="Debug" />
			<Option target="Release" />
			<Option target="DebugLinux" />
			<Option target="ReleaseLinux" />
		</Unit>
		<Unit filename="wxsmith/lms6/pnlTxPLL.wxs">
			<Option target="Debug" />
			<Option target="Release" />
			<Option target="DebugLinux" />
			<Option target="ReleaseLinux" />
		</Unit>
		<Unit filename="wxsmith/lms6/pnlTxRF.wxs">
			<Option target="Debug" />
			<Option target="Release" />
			<Option target="DebugLinux" />
			<Option target="ReleaseLinux" />
		</Unit>
		<Unit filename="wxsmith/lms_suiteframe.wxs">
			<Option target="Debug" />
			<Option target="Release" />
			<Option target="DebugLinux" />
			<Option target="ReleaseLinux" />
		</Unit>
		<Unit filename="wxsmith/pnlADF4002.wxs">
			<Option target="Debug" />
			<Option target="Release" />
			<Option target="DebugLinux" />
			<Option target="ReleaseLinux" />
		</Unit>
		<Unit filename="wxsmith/pnlHPM1000.wxs">
			<Option target="Debug" />
			<Option target="Release" />
			<Option target="DebugLinux" />
			<Option target="ReleaseLinux" />
		</Unit>
		<Unit filename="wxsmith/pnlMinimalControls.wxs">
			<Option target="Debug" />
			<Option target="Release" />
			<Option target="DebugLinux" />
			<Option target="ReleaseLinux" />
		</Unit>
		<Unit filename="wxsmith/pnlMyriadRF2.wxs">
			<Option target="Debug" />
			<Option target="Release" />
			<Option target="DebugLinux" />
			<Option target="ReleaseLinux" />
		</Unit>
		<Unit filename="wxsmith/pnlProgramming.wxs">
			<Option target="Debug" />
			<Option target="Release" />
			<Option target="DebugLinux" />
			<Option target="ReleaseLinux" />
		</Unit>
		<Unit filename="wxsmith/pnlSPI.wxs">
			<Option target="Debug" />
			<Option target="Release" />
			<Option target="DebugLinux" />
			<Option target="ReleaseLinux" />
		</Unit>
		<Unit filename="wxsmith/pnlSi5356A.wxs">
			<Option target="Debug" />
			<Option target="Release" />
			<Option target="DebugLinux" />
			<Option target="ReleaseLinux" />
		</Unit>
		<Unit filename="wxsmith/pnlWFMLoader.wxs">
			<Option target="Debug" />
			<Option target="Release" />
			<Option target="DebugLinux" />
			<Option target="ReleaseLinux" />
		</Unit>
		<Extensions>
			<code_completion />
			<envvars />
			<debugger />
			<wxsmith version="1">
				<gui name="wxWidgets" src="gui_src/lms_suiteApp.cpp" main="lms_suiteFrame" init_handlers="necessary" language="CPP" />
				<resources>
					<wxFrame wxs="wxsmith/lms_suiteframe.wxs" src="gui_src/lms_suiteMain.cpp" hdr="gui_src/lms_suiteMain.h" fwddecl="0" i18n="1" name="lms_suiteFrame" language="CPP" />
					<wxPanel wxs="wxsmith/lms6/LMS6002_GUI_Main.wxs" src="gui_src/lms6/LMS6002_GUI_Main.cpp" hdr="gui_src/lms6/LMS6002_GUI_Main.h" fwddecl="0" i18n="1" name="LMS6002_GUI_Main" language="CPP" />
					<wxPanel wxs="wxsmith/lms6/pnlTop.wxs" src="gui_src/lms6/pnlTop.cpp" hdr="gui_src/lms6/pnlTop.h" fwddecl="0" i18n="1" name="pnlTop" language="CPP" />
					<wxPanel wxs="wxsmith/lms6/pnlTxPLL.wxs" src="gui_src/lms6/pnlTxPLL.cpp" hdr="gui_src/lms6/pnlTxPLL.h" fwddecl="0" i18n="1" name="pnlTxPLL" language="CPP" />
					<wxPanel wxs="wxsmith/lms6/pnlTxRF.wxs" src="gui_src/lms6/pnlTxRF.cpp" hdr="gui_src/lms6/pnlTxRF.h" fwddecl="0" i18n="1" name="pnlTxRF" language="CPP" />
					<wxPanel wxs="wxsmith/lms6/pnlTxLPF.wxs" src="gui_src/lms6/pnlTxLPF.cpp" hdr="gui_src/lms6/pnlTxLPF.h" fwddecl="0" i18n="1" name="pnlTxLPF" language="CPP" />
					<wxPanel wxs="wxsmith/lms6/pnlRxVGA2.wxs" src="gui_src/lms6/pnlRxVGA2.cpp" hdr="gui_src/lms6/pnlRxVGA2.h" fwddecl="0" i18n="1" name="pnlRxVGA2" language="CPP" />
					<wxPanel wxs="wxsmith/lms6/pnlRxFE.wxs" src="gui_src/lms6/pnlRxFE.cpp" hdr="gui_src/lms6/pnlRxFE.h" fwddecl="0" i18n="1" name="pnlRxFE" language="CPP" />
					<wxPanel wxs="wxsmith/lms6/pnlSystem.wxs" src="gui_src/lms6/pnlSystem.cpp" hdr="gui_src/lms6/pnlSystem.h" fwddecl="0" i18n="1" name="pnlSystem" language="CPP" />
					<wxPanel wxs="wxsmith/pnlSi5356A.wxs" src="gui_src/pnlSi5356A.cpp" hdr="gui_src/pnlSi5356A.h" fwddecl="0" i18n="1" name="pnlSi5356A" language="CPP" />
					<wxPanel wxs="wxsmith/pnlADF4002.wxs" src="gui_src/pnlADF4002.cpp" hdr="gui_src/pnlADF4002.h" fwddecl="0" i18n="1" name="pnlADF4002" language="CPP" />
					<wxPanel wxs="wxsmith/lms6/pnlADDC.wxs" src="gui_src/lms6/pnlADDC.cpp" hdr="gui_src/lms6/pnlADDC.h" fwddecl="0" i18n="1" name="pnlADDC" language="CPP" />
					<wxDialog wxs="wxsmith/dlgConnectionSettings.wxs" src="gui_src/dlgConnectionSettings.cpp" hdr="gui_src/dlgConnectionSettings.h" fwddecl="0" i18n="1" name="dlgConnectionSettings" language="CPP" />
					<wxPanel wxs="wxsmith/pnlSi5351C.wxs" src="gui_src/pnlSi5351C.cpp" hdr="gui_src/pnlSi5351C.h" fwddecl="0" i18n="1" name="pnlSi5351C" language="CPP" />
					<wxDialog wxs="wxsmith/dlgAbout.wxs" src="gui_src/dlgAbout.cpp" hdr="gui_src/dlgAbout.h" fwddecl="0" i18n="1" name="dlgAbout" language="CPP" />
					<wxDialog wxs="wxsmith/lms6/dlgLogger.wxs" src="gui_src/lms6/dlgLogger.cpp" hdr="gui_src/lms6/dlgLogger.h" fwddecl="0" i18n="1" name="dlgLogger" language="CPP" />
					<wxDialog wxs="wxsmith/lms6/dlgFloatInput.wxs" src="gui_src/lms6/dlgFloatInput.cpp" hdr="gui_src/lms6/dlgFloatInput.h" fwddecl="0" i18n="1" name="dlgFloatInput" language="CPP" />
					<wxDialog wxs="wxsmith/lms6/dlgRegisterTest.wxs" src="gui_src/lms6/dlgRegisterTest.cpp" hdr="gui_src/lms6/dlgRegisterTest.h" fwddecl="0" i18n="1" name="dlgRegisterTest" language="CPP" />
					<wxPanel wxs="wxsmith/pnlSPI.wxs" src="gui_src/pnlSPI.cpp" hdr="gui_src/pnlSPI.h" fwddecl="0" i18n="1" name="pnlSPI" language="CPP" />
					<wxDialog wxs="wxsmith/lms6/dlgFreqVsCap.wxs" src="gui_src/lms6/dlgFreqVsCap.cpp" hdr="gui_src/lms6/dlgFreqVsCap.h" fwddecl="0" i18n="1" name="dlgFreqVsCap" language="CPP" />
					<wxDialog wxs="wxsmith/fft/dlgExtraControls.wxs" src="gui_src/fft/dlgExtraControls.cpp" hdr="gui_src/fft/dlgExtraControls.h" fwddecl="0" i18n="1" name="dlgExtraControls" language="CPP" />
					<wxPanel wxs="wxsmith/fft/pnlFFTviewer.wxs" src="gui_src/fft/pnlFFTviewer.cpp" hdr="gui_src/fft/pnlFFTviewer.h" fwddecl="1" i18n="1" name="pnlFFTviewer" language="CPP" />
					<wxPanel wxs="wxsmith/pnlMyriadRF2.wxs" src="gui_src/pnlMyriadRF2.cpp" hdr="gui_src/pnlMyriadRF2.h" fwddecl="1" i18n="1" name="pnlMyriadRF2" language="CPP" />
					<wxPanel wxs="wxsmith/pnlMinimalControls.wxs" src="gui_src/pnlMinimalControls.cpp" hdr="gui_src/pnlMinimalControls.h" fwddecl="1" i18n="1" name="pnlMinimalControls" language="CPP" />
					<wxPanel wxs="wxsmith/pnlWFMLoader.wxs" src="gui_src/pnlWFMLoader.cpp" hdr="gui_src/pnlWFMLoader.h" fwddecl="1" i18n="1" name="pnlWFMLoader" language="CPP" />
					<wxPanel wxs="wxsmith/pnlProgramming.wxs" src="gui_src/pnlProgramming.cpp" hdr="gui_src/pnlProgramming.h" fwddecl="1" i18n="1" name="pnlProgramming" language="CPP" />
					<wxPanel wxs="wxsmith/pnlNovena.wxs" src="gui_src/pnlNovena.cpp" hdr="gui_src/pnlNovena.h" fwddecl="0" i18n="1" name="pnlNovena" language="CPP" />
					<wxPanel wxs="wxsmith/pnlHPM1000.wxs" src="gui_src/pnlHPM1000.cpp" hdr="gui_src/pnlHPM1000.h" fwddecl="1" i18n="0" name="pnlHPM1000" language="CPP" />
				</resources>
			</wxsmith>
			<AutoVersioning>
				<Scheme minor_max="10" build_max="0" rev_max="0" rev_rand_max="10" build_times_to_increment_minor="100" />
				<Settings autoincrement="1" date_declarations="1" use_define="0" update_manifest="1" do_auto_increment="1" ask_to_increment="1" language="C++" svn="0" svn_directory="" header_path="include/version.h" />
				<Changes_Log show_changes_editor="0" app_title="released version %M.%m.%b of %p" changeslog_path="ChangesLog.txt" />
				<Code header_guard="LMS_SUITE_VERSION_H" namespace="lms_suite" prefix="" />
			</AutoVersioning>
		</Extensions>
	</Project>
</CodeBlocks_project_file>
